
Microsoft Visual Studio Solution File, Format Version 12.00
# Visual Studio Version 17
VisualStudioVersion = 17.11.35327.3
MinimumVisualStudioVersion = 10.0.40219.1
Project("{FAE04EC0-301F-11D3-BF4B-00C04F79EFBC}") = "OutlookAddIn", "OutlookAddIn\OutlookAddIn.csproj", "{0FFC6B70-432F-4AA1-821C-274C499D583A}"
EndProject
Global
	GlobalSection(SolutionConfigurationPlatforms) = preSolution
		CD_ROM|Any CPU = CD_ROM|Any CPU
		Debug|Any CPU = Debug|Any CPU
		DVD-5|Any CPU = DVD-5|Any CPU
		Release|Any CPU = Release|Any CPU
		SingleImage|Any CPU = SingleImage|Any CPU
	EndGlobalSection
	GlobalSection(ProjectConfigurationPlatforms) = postSolution
		{0FFC6B70-432F-4AA1-821C-274C499D583A}.CD_ROM|Any CPU.ActiveCfg = Release|Any CPU
		{0FFC6B70-432F-4AA1-821C-274C499D583A}.CD_ROM|Any CPU.Build.0 = Release|Any CPU
		{0FFC6B70-432F-4AA1-821C-274C499D583A}.Debug|Any CPU.ActiveCfg = Debug|Any CPU
		{0FFC6B70-432F-4AA1-821C-274C499D583A}.Debug|Any CPU.Build.0 = Debug|Any CPU
		{0FFC6B70-432F-4AA1-821C-274C499D583A}.DVD-5|Any CPU.ActiveCfg = Debug|Any CPU
		{0FFC6B70-432F-4AA1-821C-274C499D583A}.DVD-5|Any CPU.Build.0 = Debug|Any CPU
		{0FFC6B70-432F-4AA1-821C-274C499D583A}.Release|Any CPU.ActiveCfg = Release|Any CPU
		{0FFC6B70-432F-4AA1-821C-274C499D583A}.Release|Any CPU.Build.0 = Release|Any CPU
		{0FFC6B70-432F-4AA1-821C-274C499D583A}.SingleImage|Any CPU.ActiveCfg = Release|Any CPU
		{0FFC6B70-432F-4AA1-821C-274C499D583A}.SingleImage|Any CPU.Build.0 = Release|Any CPU
	EndGlobalSection
	GlobalSection(SolutionProperties) = preSolution
		HideSolutionNode = FALSE
	EndGlobalSection
	GlobalSection(ExtensibilityGlobals) = postSolution
		SolutionGuid = {D4170E58-2234-4ED7-842C-737B10E42E95}
	EndGlobalSection
EndGlobal
